
Microsoft Visual Studio Solution File, Format Version 12.00
# Visual Studio Version 17
VisualStudioVersion = 17.4.34202.201
MinimumVisualStudioVersion = 10.0.40219.1
Project("{FAE04EC0-301F-11D3-BF4B-00C04F79EFBC}") = "BG3TreasureTableCreate", "BG3TreasureTableCreate\BG3TreasureTableCreate.csproj", "{9F96D0D0-81CD-489B-A547-A906D0F2D431}"
EndProject
Global
	GlobalSection(SolutionConfigurationPlatforms) = preSolution
		Debug|Any CPU = Debug|Any CPU
		Release|Any CPU = Release|Any CPU
	EndGlobalSection
	GlobalSection(ProjectConfigurationPlatforms) = postSolution
		{9F96D0D0-81CD-489B-A547-A906D0F2D431}.Debug|Any CPU.ActiveCfg = Debug|Any CPU
		{9F96D0D0-81CD-489B-A547-A906D0F2D431}.Debug|Any CPU.Build.0 = Debug|Any CPU
		{9F96D0D0-81CD-489B-A547-A906D0F2D431}.Release|Any CPU.ActiveCfg = Release|Any CPU
		{9F96D0D0-81CD-489B-A547-A906D0F2D431}.Release|Any CPU.Build.0 = Release|Any CPU
	EndGlobalSection
	GlobalSection(SolutionProperties) = preSolution
		HideSolutionNode = FALSE
	EndGlobalSection
	GlobalSection(ExtensibilityGlobals) = postSolution
		SolutionGuid = {1F2ACA81-70DB-41EF-A261-4C0EF9E3F110}
	EndGlobalSection
EndGlobal
